
Microsoft Visual Studio Solution File, Format Version 12.00
# Visual Studio 2012
Project("{FAE04EC0-301F-11D3-BF4B-00C04F79EFBC}") = "BuddiesDetector", "BuddiesDetector\BuddiesDetector.csproj", "{318B8EA4-3999-42D5-B0BD-40421EC2D558}"
EndProject
Project("{FAE04EC0-301F-11D3-BF4B-00C04F79EFBC}") = "BuddiesDetector.Droid", "Droid\BuddiesDetector.Droid.csproj", "{9EA565D2-38AB-453E-8EC5-4FE88F4DDB59}"
EndProject
Project("{FAE04EC0-301F-11D3-BF4B-00C04F79EFBC}") = "BuddiesDetector.iOS", "iOS\BuddiesDetector.iOS.csproj", "{4FA334B3-E227-4DD9-86BB-489AB245C5F7}"
EndProject
Global
	GlobalSection(SolutionConfigurationPlatforms) = preSolution
		Debug|Any CPU = Debug|Any CPU
		Release|Any CPU = Release|Any CPU
		Debug|iPhoneSimulator = Debug|iPhoneSimulator
		Release|iPhone = Release|iPhone
		Release|iPhoneSimulator = Release|iPhoneSimulator
		Debug|iPhone = Debug|iPhone
	EndGlobalSection
	GlobalSection(ProjectConfigurationPlatforms) = postSolution
		{318B8EA4-3999-42D5-B0BD-40421EC2D558}.Debug|Any CPU.ActiveCfg = Debug|Any CPU
		{318B8EA4-3999-42D5-B0BD-40421EC2D558}.Debug|Any CPU.Build.0 = Debug|Any CPU
		{318B8EA4-3999-42D5-B0BD-40421EC2D558}.Release|Any CPU.ActiveCfg = Release|Any CPU
		{318B8EA4-3999-42D5-B0BD-40421EC2D558}.Release|Any CPU.Build.0 = Release|Any CPU
		{318B8EA4-3999-42D5-B0BD-40421EC2D558}.Debug|iPhoneSimulator.ActiveCfg = Debug|Any CPU
		{318B8EA4-3999-42D5-B0BD-40421EC2D558}.Debug|iPhoneSimulator.Build.0 = Debug|Any CPU
		{318B8EA4-3999-42D5-B0BD-40421EC2D558}.Release|iPhone.ActiveCfg = Release|Any CPU
		{318B8EA4-3999-42D5-B0BD-40421EC2D558}.Release|iPhone.Build.0 = Release|Any CPU
		{318B8EA4-3999-42D5-B0BD-40421EC2D558}.Release|iPhoneSimulator.ActiveCfg = Release|Any CPU
		{318B8EA4-3999-42D5-B0BD-40421EC2D558}.Release|iPhoneSimulator.Build.0 = Release|Any CPU
		{318B8EA4-3999-42D5-B0BD-40421EC2D558}.Debug|iPhone.ActiveCfg = Debug|Any CPU
		{318B8EA4-3999-42D5-B0BD-40421EC2D558}.Debug|iPhone.Build.0 = Debug|Any CPU
		{9EA565D2-38AB-453E-8EC5-4FE88F4DDB59}.Debug|Any CPU.ActiveCfg = Debug|Any CPU
		{9EA565D2-38AB-453E-8EC5-4FE88F4DDB59}.Debug|Any CPU.Build.0 = Debug|Any CPU
		{9EA565D2-38AB-453E-8EC5-4FE88F4DDB59}.Release|Any CPU.ActiveCfg = Release|Any CPU
		{9EA565D2-38AB-453E-8EC5-4FE88F4DDB59}.Release|Any CPU.Build.0 = Release|Any CPU
		{9EA565D2-38AB-453E-8EC5-4FE88F4DDB59}.Debug|iPhoneSimulator.ActiveCfg = Debug|Any CPU
		{9EA565D2-38AB-453E-8EC5-4FE88F4DDB59}.Debug|iPhoneSimulator.Build.0 = Debug|Any CPU
		{9EA565D2-38AB-453E-8EC5-4FE88F4DDB59}.Release|iPhone.ActiveCfg = Release|Any CPU
		{9EA565D2-38AB-453E-8EC5-4FE88F4DDB59}.Release|iPhone.Build.0 = Release|Any CPU
		{9EA565D2-38AB-453E-8EC5-4FE88F4DDB59}.Release|iPhoneSimulator.ActiveCfg = Release|Any CPU
		{9EA565D2-38AB-453E-8EC5-4FE88F4DDB59}.Release|iPhoneSimulator.Build.0 = Release|Any CPU
		{9EA565D2-38AB-453E-8EC5-4FE88F4DDB59}.Debug|iPhone.ActiveCfg = Debug|Any CPU
		{9EA565D2-38AB-453E-8EC5-4FE88F4DDB59}.Debug|iPhone.Build.0 = Debug|Any CPU
		{4FA334B3-E227-4DD9-86BB-489AB245C5F7}.Debug|Any CPU.ActiveCfg = Debug|iPhoneSimulator
		{4FA334B3-E227-4DD9-86BB-489AB245C5F7}.Debug|Any CPU.Build.0 = Debug|iPhoneSimulator
		{4FA334B3-E227-4DD9-86BB-489AB245C5F7}.Release|Any CPU.ActiveCfg = Release|iPhone
		{4FA334B3-E227-4DD9-86BB-489AB245C5F7}.Release|Any CPU.Build.0 = Release|iPhone
		{4FA334B3-E227-4DD9-86BB-489AB245C5F7}.Debug|iPhoneSimulator.ActiveCfg = Debug|iPhoneSimulator
		{4FA334B3-E227-4DD9-86BB-489AB245C5F7}.Debug|iPhoneSimulator.Build.0 = Debug|iPhoneSimulator
		{4FA334B3-E227-4DD9-86BB-489AB245C5F7}.Release|iPhone.ActiveCfg = Release|iPhone
		{4FA334B3-E227-4DD9-86BB-489AB245C5F7}.Release|iPhone.Build.0 = Release|iPhone
		{4FA334B3-E227-4DD9-86BB-489AB245C5F7}.Release|iPhoneSimulator.ActiveCfg = Release|iPhoneSimulator
		{4FA334B3-E227-4DD9-86BB-489AB245C5F7}.Release|iPhoneSimulator.Build.0 = Release|iPhoneSimulator
		{4FA334B3-E227-4DD9-86BB-489AB245C5F7}.Debug|iPhone.ActiveCfg = Debug|iPhone
		{4FA334B3-E227-4DD9-86BB-489AB245C5F7}.Debug|iPhone.Build.0 = Debug|iPhone
	EndGlobalSection
EndGlobal
